# THIS IS AN AUTOGENERATED FILE. DO NOT EDIT THIS FILE DIRECTLY.
# yarn lockfile v1


bible-passage-reference-parser@^2.0.1:
  version "2.0.1"
  resolved "https://registry.yarnpkg.com/bible-passage-reference-parser/-/bible-passage-reference-parser-2.0.1.tgz#1f2339645a88c4a52bea45ae36b4745be539085b"
